
Microsoft Visual Studio Solution File, Format Version 12.00
# Visual Studio Version 16
VisualStudioVersion = 16.0.31410.357
MinimumVisualStudioVersion = 10.0.40219.1
Project("{FAE04EC0-301F-11D3-BF4B-00C04F79EFBC}") = "Homework№3.2", "Homework№3.2\Homework№3.2.csproj", "{44633D7E-3AB2-4AB6-B2CE-CDEEDB4132D6}"
EndProject
Project("{FAE04EC0-301F-11D3-BF4B-00C04F79EFBC}") = "Homework№3.3", "Homework№3.3\Homework№3.3.csproj", "{71A58A5F-F74E-41B7-BEEC-B99A7C589979}"
EndProject
Project("{FAE04EC0-301F-11D3-BF4B-00C04F79EFBC}") = "Homework№3.1", "Homework№3.1\Homework№3.1.csproj", "{B40D83AA-C05A-46F9-A033-BAAACACE9433}"
EndProject
Global
	GlobalSection(SolutionConfigurationPlatforms) = preSolution
		Debug|Any CPU = Debug|Any CPU
		Release|Any CPU = Release|Any CPU
	EndGlobalSection
	GlobalSection(ProjectConfigurationPlatforms) = postSolution
		{44633D7E-3AB2-4AB6-B2CE-CDEEDB4132D6}.Debug|Any CPU.ActiveCfg = Debug|Any CPU
		{44633D7E-3AB2-4AB6-B2CE-CDEEDB4132D6}.Debug|Any CPU.Build.0 = Debug|Any CPU
		{44633D7E-3AB2-4AB6-B2CE-CDEEDB4132D6}.Release|Any CPU.ActiveCfg = Release|Any CPU
		{44633D7E-3AB2-4AB6-B2CE-CDEEDB4132D6}.Release|Any CPU.Build.0 = Release|Any CPU
		{71A58A5F-F74E-41B7-BEEC-B99A7C589979}.Debug|Any CPU.ActiveCfg = Debug|Any CPU
		{71A58A5F-F74E-41B7-BEEC-B99A7C589979}.Debug|Any CPU.Build.0 = Debug|Any CPU
		{71A58A5F-F74E-41B7-BEEC-B99A7C589979}.Release|Any CPU.ActiveCfg = Release|Any CPU
		{71A58A5F-F74E-41B7-BEEC-B99A7C589979}.Release|Any CPU.Build.0 = Release|Any CPU
		{B40D83AA-C05A-46F9-A033-BAAACACE9433}.Debug|Any CPU.ActiveCfg = Debug|Any CPU
		{B40D83AA-C05A-46F9-A033-BAAACACE9433}.Debug|Any CPU.Build.0 = Debug|Any CPU
		{B40D83AA-C05A-46F9-A033-BAAACACE9433}.Release|Any CPU.ActiveCfg = Release|Any CPU
		{B40D83AA-C05A-46F9-A033-BAAACACE9433}.Release|Any CPU.Build.0 = Release|Any CPU
	EndGlobalSection
	GlobalSection(SolutionProperties) = preSolution
		HideSolutionNode = FALSE
	EndGlobalSection
	GlobalSection(ExtensibilityGlobals) = postSolution
		SolutionGuid = {40309AFC-F44E-4DE9-BC26-8B5B86D5AE7F}
	EndGlobalSection
EndGlobal
